
Microsoft Visual Studio Solution File, Format Version 12.00
# Visual Studio Version 17
VisualStudioVersion = 17.4.33205.214
MinimumVisualStudioVersion = 10.0.40219.1
Project("{FAE04EC0-301F-11D3-BF4B-00C04F79EFBC}") = "Greepo", "Greepo\Greepo.csproj", "{B92663A9-D993-4F96-894D-594A85BE6C8E}"
EndProject
Project("{54435603-DBB4-11D2-8724-00A0C9A8B90C}") = "Greepo Installer", "Greepo Installer\Greepo Installer.vdproj", "{30B418F6-40FC-40D5-BB7B-9C331CB099AB}"
EndProject
Global
	GlobalSection(SolutionConfigurationPlatforms) = preSolution
		Debug|Any CPU = Debug|Any CPU
		Release|Any CPU = Release|Any CPU
	EndGlobalSection
	GlobalSection(ProjectConfigurationPlatforms) = postSolution
		{B92663A9-D993-4F96-894D-594A85BE6C8E}.Debug|Any CPU.ActiveCfg = Debug|Any CPU
		{B92663A9-D993-4F96-894D-594A85BE6C8E}.Debug|Any CPU.Build.0 = Debug|Any CPU
		{B92663A9-D993-4F96-894D-594A85BE6C8E}.Release|Any CPU.ActiveCfg = Release|Any CPU
		{B92663A9-D993-4F96-894D-594A85BE6C8E}.Release|Any CPU.Build.0 = Release|Any CPU
		{30B418F6-40FC-40D5-BB7B-9C331CB099AB}.Debug|Any CPU.ActiveCfg = Release
		{30B418F6-40FC-40D5-BB7B-9C331CB099AB}.Release|Any CPU.ActiveCfg = Release
	EndGlobalSection
	GlobalSection(SolutionProperties) = preSolution
		HideSolutionNode = FALSE
	EndGlobalSection
	GlobalSection(ExtensibilityGlobals) = postSolution
		SolutionGuid = {D5E8F28B-3218-43CD-BB7E-6A2E01696A0C}
	EndGlobalSection
EndGlobal
